
Microsoft Visual Studio Solution File, Format Version 12.00
# Visual Studio Version 17
VisualStudioVersion = 17.6.33723.286
MinimumVisualStudioVersion = 10.0.40219.1
Project("{FAE04EC0-301F-11D3-BF4B-00C04F79EFBC}") = "CityInfo.API", "CityInfo.API\CityInfo.API.csproj", "{0253EBA6-E812-47B4-8777-A168BF4215E8}"
EndProject
Global
	GlobalSection(SolutionConfigurationPlatforms) = preSolution
		Debug|Any CPU = Debug|Any CPU
		Release|Any CPU = Release|Any CPU
	EndGlobalSection
	GlobalSection(ProjectConfigurationPlatforms) = postSolution
		{0253EBA6-E812-47B4-8777-A168BF4215E8}.Debug|Any CPU.ActiveCfg = Debug|Any CPU
		{0253EBA6-E812-47B4-8777-A168BF4215E8}.Debug|Any CPU.Build.0 = Debug|Any CPU
		{0253EBA6-E812-47B4-8777-A168BF4215E8}.Release|Any CPU.ActiveCfg = Release|Any CPU
		{0253EBA6-E812-47B4-8777-A168BF4215E8}.Release|Any CPU.Build.0 = Release|Any CPU
	EndGlobalSection
	GlobalSection(SolutionProperties) = preSolution
		HideSolutionNode = FALSE
	EndGlobalSection
	GlobalSection(ExtensibilityGlobals) = postSolution
		SolutionGuid = {A68271D3-DE5D-46C8-9CE3-CD0AA77B08B7}
	EndGlobalSection
EndGlobal
